
Microsoft Visual Studio Solution File, Format Version 12.00
# Visual Studio Version 17
VisualStudioVersion = 17.14.36408.4 d17.14
MinimumVisualStudioVersion = 10.0.40219.1
Project("{FAE04EC0-301F-11D3-BF4B-00C04F79EFBC}") = "assignment_4", "assignment_4\assignment_4.csproj", "{B1CE4908-9FAF-4139-89C2-A2C60996CB03}"
EndProject
Global
	GlobalSection(SolutionConfigurationPlatforms) = preSolution
		Debug|Any CPU = Debug|Any CPU
		Release|Any CPU = Release|Any CPU
	EndGlobalSection
	GlobalSection(ProjectConfigurationPlatforms) = postSolution
		{B1CE4908-9FAF-4139-89C2-A2C60996CB03}.Debug|Any CPU.ActiveCfg = Debug|Any CPU
		{B1CE4908-9FAF-4139-89C2-A2C60996CB03}.Debug|Any CPU.Build.0 = Debug|Any CPU
		{B1CE4908-9FAF-4139-89C2-A2C60996CB03}.Release|Any CPU.ActiveCfg = Release|Any CPU
		{B1CE4908-9FAF-4139-89C2-A2C60996CB03}.Release|Any CPU.Build.0 = Release|Any CPU
	EndGlobalSection
	GlobalSection(SolutionProperties) = preSolution
		HideSolutionNode = FALSE
	EndGlobalSection
	GlobalSection(ExtensibilityGlobals) = postSolution
		SolutionGuid = {0655B89E-4314-4CE4-A08D-D7FA90ADBA5F}
	EndGlobalSection
EndGlobal
